
Microsoft Visual Studio Solution File, Format Version 11.00
# Visual Studio 2010
Project("{FAE04EC0-301F-11D3-BF4B-00C04F79EFBC}") = "Giles", "Giles\Giles.csproj", "{ACCEC948-8032-4D2B-AD53-1DD1390EDA78}"
EndProject
Project("{FAE04EC0-301F-11D3-BF4B-00C04F79EFBC}") = "Giles.Core", "Giles.Core\Giles.Core.csproj", "{9039E7FA-989E-46ED-B031-FB67571E8385}"
EndProject
Project("{FAE04EC0-301F-11D3-BF4B-00C04F79EFBC}") = "Giles.Specs", "Giles.Specs\Giles.Specs.csproj", "{8FAE1516-9D4A-4575-83BF-515BC6AF8AC3}"
EndProject
Project("{2150E333-8FDC-42A3-9474-1A3956D46DE8}") = "Tests", "Tests", "{D2D91826-7DA4-4AD2-B102-B1389C0B4A23}"
EndProject
Project("{2150E333-8FDC-42A3-9474-1A3956D46DE8}") = "Solution Items", "Solution Items", "{8046A0FB-21E0-4F65-A62C-580916EB31A3}"
	ProjectSection(SolutionItems) = preProject
		ProjectVersion.cs = ProjectVersion.cs
	EndProjectSection
EndProject
Project("{2150E333-8FDC-42A3-9474-1A3956D46DE8}") = "Runners", "Runners", "{FE17132F-FE11-4657-AAB8-56F3218E3191}"
EndProject
Project("{2150E333-8FDC-42A3-9474-1A3956D46DE8}") = "Runner", "Runner", "{CEA7FC00-79CD-4353-9364-8089323CADBA}"
EndProject
Project("{FAE04EC0-301F-11D3-BF4B-00C04F79EFBC}") = "Giles.Runner.Machine.Specifications.Specs", "Specs\Giles.Runner.Machine.Specifications.Specs\Giles.Runner.Machine.Specifications.Specs.csproj", "{0785BD3A-A28E-494F-8336-4513D3536874}"
EndProject
Project("{FAE04EC0-301F-11D3-BF4B-00C04F79EFBC}") = "Giles.Runner.Machine.Specifications", "Runners\Giles.Runner.Machine.Specifications\Giles.Runner.Machine.Specifications.csproj", "{88C6CC22-B9F2-41B8-8E4F-9500902AF874}"
EndProject
Project("{FAE04EC0-301F-11D3-BF4B-00C04F79EFBC}") = "Giles.Runner.NUnit", "Runners\Giles.Runner.NUnit\Giles.Runner.NUnit.csproj", "{C2A0F1C6-AA13-468F-844C-0D93A5C299D4}"
EndProject
Project("{FAE04EC0-301F-11D3-BF4B-00C04F79EFBC}") = "XunitTestRunnerSpecs.cs", "Specs\XunitTestRunnerSpecs.cs\XunitTestRunnerSpecs.cs.csproj", "{4DA890A6-9916-4164-9ECD-717E59AE9BF5}"
EndProject
Project("{FAE04EC0-301F-11D3-BF4B-00C04F79EFBC}") = "Giles.Runner.XUnit", "Runners\Giles.Runner.XUnit\Giles.Runner.XUnit.csproj", "{C941D115-6E15-4D73-81BD-9293CDB10BB8}"
EndProject
Global
	GlobalSection(SolutionConfigurationPlatforms) = preSolution
		AutomatedRelease|Any CPU = AutomatedRelease|Any CPU
		AutomatedRelease|Mixed Platforms = AutomatedRelease|Mixed Platforms
		AutomatedRelease|x86 = AutomatedRelease|x86
		Debug|Any CPU = Debug|Any CPU
		Debug|Mixed Platforms = Debug|Mixed Platforms
		Debug|x86 = Debug|x86
		Release|Any CPU = Release|Any CPU
		Release|Mixed Platforms = Release|Mixed Platforms
		Release|x86 = Release|x86
	EndGlobalSection
	GlobalSection(ProjectConfigurationPlatforms) = postSolution
		{ACCEC948-8032-4D2B-AD53-1DD1390EDA78}.AutomatedRelease|Any CPU.ActiveCfg = AutomatedRelease|Any CPU
		{ACCEC948-8032-4D2B-AD53-1DD1390EDA78}.AutomatedRelease|Any CPU.Build.0 = AutomatedRelease|Any CPU
		{ACCEC948-8032-4D2B-AD53-1DD1390EDA78}.AutomatedRelease|Mixed Platforms.ActiveCfg = AutomatedRelease|Any CPU
		{ACCEC948-8032-4D2B-AD53-1DD1390EDA78}.AutomatedRelease|Mixed Platforms.Build.0 = AutomatedRelease|Any CPU
		{ACCEC948-8032-4D2B-AD53-1DD1390EDA78}.AutomatedRelease|x86.ActiveCfg = AutomatedRelease|x86
		{ACCEC948-8032-4D2B-AD53-1DD1390EDA78}.AutomatedRelease|x86.Build.0 = AutomatedRelease|x86
		{ACCEC948-8032-4D2B-AD53-1DD1390EDA78}.Debug|Any CPU.ActiveCfg = Debug|x86
		{ACCEC948-8032-4D2B-AD53-1DD1390EDA78}.Debug|Mixed Platforms.ActiveCfg = Debug|Any CPU
		{ACCEC948-8032-4D2B-AD53-1DD1390EDA78}.Debug|Mixed Platforms.Build.0 = Debug|Any CPU
		{ACCEC948-8032-4D2B-AD53-1DD1390EDA78}.Debug|x86.ActiveCfg = Debug|x86
		{ACCEC948-8032-4D2B-AD53-1DD1390EDA78}.Debug|x86.Build.0 = Debug|x86
		{ACCEC948-8032-4D2B-AD53-1DD1390EDA78}.Release|Any CPU.ActiveCfg = Release|Any CPU
		{ACCEC948-8032-4D2B-AD53-1DD1390EDA78}.Release|Any CPU.Build.0 = Release|Any CPU
		{ACCEC948-8032-4D2B-AD53-1DD1390EDA78}.Release|Mixed Platforms.ActiveCfg = Release|x86
		{ACCEC948-8032-4D2B-AD53-1DD1390EDA78}.Release|Mixed Platforms.Build.0 = Release|x86
		{ACCEC948-8032-4D2B-AD53-1DD1390EDA78}.Release|x86.ActiveCfg = Release|x86
		{ACCEC948-8032-4D2B-AD53-1DD1390EDA78}.Release|x86.Build.0 = Release|x86
		{9039E7FA-989E-46ED-B031-FB67571E8385}.AutomatedRelease|Any CPU.ActiveCfg = AutomatedRelease|Any CPU
		{9039E7FA-989E-46ED-B031-FB67571E8385}.AutomatedRelease|Any CPU.Build.0 = AutomatedRelease|Any CPU
		{9039E7FA-989E-46ED-B031-FB67571E8385}.AutomatedRelease|Mixed Platforms.ActiveCfg = AutomatedRelease|Any CPU
		{9039E7FA-989E-46ED-B031-FB67571E8385}.AutomatedRelease|Mixed Platforms.Build.0 = AutomatedRelease|Any CPU
		{9039E7FA-989E-46ED-B031-FB67571E8385}.AutomatedRelease|x86.ActiveCfg = AutomatedRelease|Any CPU
		{9039E7FA-989E-46ED-B031-FB67571E8385}.Debug|Any CPU.ActiveCfg = Debug|Any CPU
		{9039E7FA-989E-46ED-B031-FB67571E8385}.Debug|Any CPU.Build.0 = Debug|Any CPU
		{9039E7FA-989E-46ED-B031-FB67571E8385}.Debug|Mixed Platforms.ActiveCfg = Debug|Any CPU
		{9039E7FA-989E-46ED-B031-FB67571E8385}.Debug|Mixed Platforms.Build.0 = Debug|Any CPU
		{9039E7FA-989E-46ED-B031-FB67571E8385}.Debug|x86.ActiveCfg = Debug|Any CPU
		{9039E7FA-989E-46ED-B031-FB67571E8385}.Release|Any CPU.ActiveCfg = Release|Any CPU
		{9039E7FA-989E-46ED-B031-FB67571E8385}.Release|Any CPU.Build.0 = Release|Any CPU
		{9039E7FA-989E-46ED-B031-FB67571E8385}.Release|Mixed Platforms.ActiveCfg = Release|Any CPU
		{9039E7FA-989E-46ED-B031-FB67571E8385}.Release|Mixed Platforms.Build.0 = Release|Any CPU
		{9039E7FA-989E-46ED-B031-FB67571E8385}.Release|x86.ActiveCfg = Release|Any CPU
		{8FAE1516-9D4A-4575-83BF-515BC6AF8AC3}.AutomatedRelease|Any CPU.ActiveCfg = AutomatedRelease|Any CPU
		{8FAE1516-9D4A-4575-83BF-515BC6AF8AC3}.AutomatedRelease|Any CPU.Build.0 = AutomatedRelease|Any CPU
		{8FAE1516-9D4A-4575-83BF-515BC6AF8AC3}.AutomatedRelease|Mixed Platforms.ActiveCfg = AutomatedRelease|Any CPU
		{8FAE1516-9D4A-4575-83BF-515BC6AF8AC3}.AutomatedRelease|Mixed Platforms.Build.0 = AutomatedRelease|Any CPU
		{8FAE1516-9D4A-4575-83BF-515BC6AF8AC3}.AutomatedRelease|x86.ActiveCfg = AutomatedRelease|Any CPU
		{8FAE1516-9D4A-4575-83BF-515BC6AF8AC3}.Debug|Any CPU.ActiveCfg = Debug|Any CPU
		{8FAE1516-9D4A-4575-83BF-515BC6AF8AC3}.Debug|Any CPU.Build.0 = Debug|Any CPU
		{8FAE1516-9D4A-4575-83BF-515BC6AF8AC3}.Debug|Mixed Platforms.ActiveCfg = Debug|Any CPU
		{8FAE1516-9D4A-4575-83BF-515BC6AF8AC3}.Debug|Mixed Platforms.Build.0 = Debug|Any CPU
		{8FAE1516-9D4A-4575-83BF-515BC6AF8AC3}.Debug|x86.ActiveCfg = Debug|Any CPU
		{8FAE1516-9D4A-4575-83BF-515BC6AF8AC3}.Release|Any CPU.ActiveCfg = Release|Any CPU
		{8FAE1516-9D4A-4575-83BF-515BC6AF8AC3}.Release|Any CPU.Build.0 = Release|Any CPU
		{8FAE1516-9D4A-4575-83BF-515BC6AF8AC3}.Release|Mixed Platforms.ActiveCfg = Release|Any CPU
		{8FAE1516-9D4A-4575-83BF-515BC6AF8AC3}.Release|Mixed Platforms.Build.0 = Release|Any CPU
		{8FAE1516-9D4A-4575-83BF-515BC6AF8AC3}.Release|x86.ActiveCfg = Release|Any CPU
		{0785BD3A-A28E-494F-8336-4513D3536874}.AutomatedRelease|Any CPU.ActiveCfg = Release|Any CPU
		{0785BD3A-A28E-494F-8336-4513D3536874}.AutomatedRelease|Any CPU.Build.0 = Release|Any CPU
		{0785BD3A-A28E-494F-8336-4513D3536874}.AutomatedRelease|Mixed Platforms.ActiveCfg = Release|Any CPU
		{0785BD3A-A28E-494F-8336-4513D3536874}.AutomatedRelease|Mixed Platforms.Build.0 = Release|Any CPU
		{0785BD3A-A28E-494F-8336-4513D3536874}.AutomatedRelease|x86.ActiveCfg = Release|Any CPU
		{0785BD3A-A28E-494F-8336-4513D3536874}.Debug|Any CPU.ActiveCfg = Debug|Any CPU
		{0785BD3A-A28E-494F-8336-4513D3536874}.Debug|Any CPU.Build.0 = Debug|Any CPU
		{0785BD3A-A28E-494F-8336-4513D3536874}.Debug|Mixed Platforms.ActiveCfg = Debug|Any CPU
		{0785BD3A-A28E-494F-8336-4513D3536874}.Debug|Mixed Platforms.Build.0 = Debug|Any CPU
		{0785BD3A-A28E-494F-8336-4513D3536874}.Debug|x86.ActiveCfg = Debug|Any CPU
		{0785BD3A-A28E-494F-8336-4513D3536874}.Release|Any CPU.ActiveCfg = Release|Any CPU
		{0785BD3A-A28E-494F-8336-4513D3536874}.Release|Any CPU.Build.0 = Release|Any CPU
		{0785BD3A-A28E-494F-8336-4513D3536874}.Release|Mixed Platforms.ActiveCfg = Release|Any CPU
		{0785BD3A-A28E-494F-8336-4513D3536874}.Release|Mixed Platforms.Build.0 = Release|Any CPU
		{0785BD3A-A28E-494F-8336-4513D3536874}.Release|x86.ActiveCfg = Release|Any CPU
		{88C6CC22-B9F2-41B8-8E4F-9500902AF874}.AutomatedRelease|Any CPU.ActiveCfg = Release|Any CPU
		{88C6CC22-B9F2-41B8-8E4F-9500902AF874}.AutomatedRelease|Any CPU.Build.0 = Release|Any CPU
		{88C6CC22-B9F2-41B8-8E4F-9500902AF874}.AutomatedRelease|Mixed Platforms.ActiveCfg = Release|Any CPU
		{88C6CC22-B9F2-41B8-8E4F-9500902AF874}.AutomatedRelease|Mixed Platforms.Build.0 = Release|Any CPU
		{88C6CC22-B9F2-41B8-8E4F-9500902AF874}.AutomatedRelease|x86.ActiveCfg = Release|Any CPU
		{88C6CC22-B9F2-41B8-8E4F-9500902AF874}.Debug|Any CPU.ActiveCfg = Debug|Any CPU
		{88C6CC22-B9F2-41B8-8E4F-9500902AF874}.Debug|Any CPU.Build.0 = Debug|Any CPU
		{88C6CC22-B9F2-41B8-8E4F-9500902AF874}.Debug|Mixed Platforms.ActiveCfg = Debug|Any CPU
		{88C6CC22-B9F2-41B8-8E4F-9500902AF874}.Debug|Mixed Platforms.Build.0 = Debug|Any CPU
		{88C6CC22-B9F2-41B8-8E4F-9500902AF874}.Debug|x86.ActiveCfg = Debug|Any CPU
		{88C6CC22-B9F2-41B8-8E4F-9500902AF874}.Release|Any CPU.ActiveCfg = Release|Any CPU
		{88C6CC22-B9F2-41B8-8E4F-9500902AF874}.Release|Any CPU.Build.0 = Release|Any CPU
		{88C6CC22-B9F2-41B8-8E4F-9500902AF874}.Release|Mixed Platforms.ActiveCfg = Release|Any CPU
		{88C6CC22-B9F2-41B8-8E4F-9500902AF874}.Release|Mixed Platforms.Build.0 = Release|Any CPU
		{88C6CC22-B9F2-41B8-8E4F-9500902AF874}.Release|x86.ActiveCfg = Release|Any CPU
		{C2A0F1C6-AA13-468F-844C-0D93A5C299D4}.AutomatedRelease|Any CPU.ActiveCfg = Release|Any CPU
		{C2A0F1C6-AA13-468F-844C-0D93A5C299D4}.AutomatedRelease|Any CPU.Build.0 = Release|Any CPU
		{C2A0F1C6-AA13-468F-844C-0D93A5C299D4}.AutomatedRelease|Mixed Platforms.ActiveCfg = Release|Any CPU
		{C2A0F1C6-AA13-468F-844C-0D93A5C299D4}.AutomatedRelease|Mixed Platforms.Build.0 = Release|Any CPU
		{C2A0F1C6-AA13-468F-844C-0D93A5C299D4}.AutomatedRelease|x86.ActiveCfg = Release|Any CPU
		{C2A0F1C6-AA13-468F-844C-0D93A5C299D4}.Debug|Any CPU.ActiveCfg = Debug|Any CPU
		{C2A0F1C6-AA13-468F-844C-0D93A5C299D4}.Debug|Any CPU.Build.0 = Debug|Any CPU
		{C2A0F1C6-AA13-468F-844C-0D93A5C299D4}.Debug|Mixed Platforms.ActiveCfg = Debug|Any CPU
		{C2A0F1C6-AA13-468F-844C-0D93A5C299D4}.Debug|Mixed Platforms.Build.0 = Debug|Any CPU
		{C2A0F1C6-AA13-468F-844C-0D93A5C299D4}.Debug|x86.ActiveCfg = Debug|Any CPU
		{C2A0F1C6-AA13-468F-844C-0D93A5C299D4}.Release|Any CPU.ActiveCfg = Release|Any CPU
		{C2A0F1C6-AA13-468F-844C-0D93A5C299D4}.Release|Any CPU.Build.0 = Release|Any CPU
		{C2A0F1C6-AA13-468F-844C-0D93A5C299D4}.Release|Mixed Platforms.ActiveCfg = Release|Any CPU
		{C2A0F1C6-AA13-468F-844C-0D93A5C299D4}.Release|Mixed Platforms.Build.0 = Release|Any CPU
		{C2A0F1C6-AA13-468F-844C-0D93A5C299D4}.Release|x86.ActiveCfg = Release|Any CPU
		{4DA890A6-9916-4164-9ECD-717E59AE9BF5}.AutomatedRelease|Any CPU.ActiveCfg = Release|Any CPU
		{4DA890A6-9916-4164-9ECD-717E59AE9BF5}.AutomatedRelease|Any CPU.Build.0 = Release|Any CPU
		{4DA890A6-9916-4164-9ECD-717E59AE9BF5}.AutomatedRelease|Mixed Platforms.ActiveCfg = Release|Any CPU
		{4DA890A6-9916-4164-9ECD-717E59AE9BF5}.AutomatedRelease|Mixed Platforms.Build.0 = Release|Any CPU
		{4DA890A6-9916-4164-9ECD-717E59AE9BF5}.AutomatedRelease|x86.ActiveCfg = Release|Any CPU
		{4DA890A6-9916-4164-9ECD-717E59AE9BF5}.Debug|Any CPU.ActiveCfg = Debug|Any CPU
		{4DA890A6-9916-4164-9ECD-717E59AE9BF5}.Debug|Any CPU.Build.0 = Debug|Any CPU
		{4DA890A6-9916-4164-9ECD-717E59AE9BF5}.Debug|Mixed Platforms.ActiveCfg = Debug|Any CPU
		{4DA890A6-9916-4164-9ECD-717E59AE9BF5}.Debug|Mixed Platforms.Build.0 = Debug|Any CPU
		{4DA890A6-9916-4164-9ECD-717E59AE9BF5}.Debug|x86.ActiveCfg = Debug|Any CPU
		{4DA890A6-9916-4164-9ECD-717E59AE9BF5}.Release|Any CPU.ActiveCfg = Release|Any CPU
		{4DA890A6-9916-4164-9ECD-717E59AE9BF5}.Release|Any CPU.Build.0 = Release|Any CPU
		{4DA890A6-9916-4164-9ECD-717E59AE9BF5}.Release|Mixed Platforms.ActiveCfg = Release|Any CPU
		{4DA890A6-9916-4164-9ECD-717E59AE9BF5}.Release|Mixed Platforms.Build.0 = Release|Any CPU
		{4DA890A6-9916-4164-9ECD-717E59AE9BF5}.Release|x86.ActiveCfg = Release|Any CPU
		{C941D115-6E15-4D73-81BD-9293CDB10BB8}.AutomatedRelease|Any CPU.ActiveCfg = Release|Any CPU
		{C941D115-6E15-4D73-81BD-9293CDB10BB8}.AutomatedRelease|Any CPU.Build.0 = Release|Any CPU
		{C941D115-6E15-4D73-81BD-9293CDB10BB8}.AutomatedRelease|Mixed Platforms.ActiveCfg = Release|Any CPU
		{C941D115-6E15-4D73-81BD-9293CDB10BB8}.AutomatedRelease|Mixed Platforms.Build.0 = Release|Any CPU
		{C941D115-6E15-4D73-81BD-9293CDB10BB8}.AutomatedRelease|x86.ActiveCfg = Release|Any CPU
		{C941D115-6E15-4D73-81BD-9293CDB10BB8}.Debug|Any CPU.ActiveCfg = Debug|Any CPU
		{C941D115-6E15-4D73-81BD-9293CDB10BB8}.Debug|Any CPU.Build.0 = Debug|Any CPU
		{C941D115-6E15-4D73-81BD-9293CDB10BB8}.Debug|Mixed Platforms.ActiveCfg = Debug|Any CPU
		{C941D115-6E15-4D73-81BD-9293CDB10BB8}.Debug|Mixed Platforms.Build.0 = Debug|Any CPU
		{C941D115-6E15-4D73-81BD-9293CDB10BB8}.Debug|x86.ActiveCfg = Debug|Any CPU
		{C941D115-6E15-4D73-81BD-9293CDB10BB8}.Release|Any CPU.ActiveCfg = Release|Any CPU
		{C941D115-6E15-4D73-81BD-9293CDB10BB8}.Release|Any CPU.Build.0 = Release|Any CPU
		{C941D115-6E15-4D73-81BD-9293CDB10BB8}.Release|Mixed Platforms.ActiveCfg = Release|Any CPU
		{C941D115-6E15-4D73-81BD-9293CDB10BB8}.Release|Mixed Platforms.Build.0 = Release|Any CPU
		{C941D115-6E15-4D73-81BD-9293CDB10BB8}.Release|x86.ActiveCfg = Release|Any CPU
	EndGlobalSection
	GlobalSection(SolutionProperties) = preSolution
		HideSolutionNode = FALSE
	EndGlobalSection
	GlobalSection(NestedProjects) = preSolution
		{8FAE1516-9D4A-4575-83BF-515BC6AF8AC3} = {D2D91826-7DA4-4AD2-B102-B1389C0B4A23}
		{CEA7FC00-79CD-4353-9364-8089323CADBA} = {D2D91826-7DA4-4AD2-B102-B1389C0B4A23}
		{88C6CC22-B9F2-41B8-8E4F-9500902AF874} = {FE17132F-FE11-4657-AAB8-56F3218E3191}
		{C2A0F1C6-AA13-468F-844C-0D93A5C299D4} = {FE17132F-FE11-4657-AAB8-56F3218E3191}
		{C941D115-6E15-4D73-81BD-9293CDB10BB8} = {FE17132F-FE11-4657-AAB8-56F3218E3191}
		{0785BD3A-A28E-494F-8336-4513D3536874} = {CEA7FC00-79CD-4353-9364-8089323CADBA}
		{4DA890A6-9916-4164-9ECD-717E59AE9BF5} = {CEA7FC00-79CD-4353-9364-8089323CADBA}
	EndGlobalSection
EndGlobal
